
Microsoft Visual Studio Solution File, Format Version 12.00
# Visual Studio Version 17
VisualStudioVersion = 17.10.35013.160
MinimumVisualStudioVersion = 10.0.40219.1
Project("{FAE04EC0-301F-11D3-BF4B-00C04F79EFBC}") = "BlindTyping", "BlindTyping\BlindTyping.csproj", "{46FC1FEC-BC89-4E1E-AD6B-9F4036256A11}"
EndProject
Global
	GlobalSection(SolutionConfigurationPlatforms) = preSolution
		Debug|Any CPU = Debug|Any CPU
		Release|Any CPU = Release|Any CPU
	EndGlobalSection
	GlobalSection(ProjectConfigurationPlatforms) = postSolution
		{46FC1FEC-BC89-4E1E-AD6B-9F4036256A11}.Debug|Any CPU.ActiveCfg = Debug|Any CPU
		{46FC1FEC-BC89-4E1E-AD6B-9F4036256A11}.Debug|Any CPU.Build.0 = Debug|Any CPU
		{46FC1FEC-BC89-4E1E-AD6B-9F4036256A11}.Release|Any CPU.ActiveCfg = Release|Any CPU
		{46FC1FEC-BC89-4E1E-AD6B-9F4036256A11}.Release|Any CPU.Build.0 = Release|Any CPU
	EndGlobalSection
	GlobalSection(SolutionProperties) = preSolution
		HideSolutionNode = FALSE
	EndGlobalSection
	GlobalSection(ExtensibilityGlobals) = postSolution
		SolutionGuid = {01170A9F-5509-404A-BCE9-7B9084B07C14}
	EndGlobalSection
EndGlobal
